
Microsoft Visual Studio Solution File, Format Version 12.00
# Visual Studio Version 17
VisualStudioVersion = 17.3.32929.385
MinimumVisualStudioVersion = 10.0.40219.1
Project("{FAE04EC0-301F-11D3-BF4B-00C04F79EFBC}") = "task at class", "task at class\task at class.csproj", "{C20EC0BD-8547-4A8C-917D-83FC600FA272}"
EndProject
Global
	GlobalSection(SolutionConfigurationPlatforms) = preSolution
		Debug|Any CPU = Debug|Any CPU
		Release|Any CPU = Release|Any CPU
	EndGlobalSection
	GlobalSection(ProjectConfigurationPlatforms) = postSolution
		{C20EC0BD-8547-4A8C-917D-83FC600FA272}.Debug|Any CPU.ActiveCfg = Debug|Any CPU
		{C20EC0BD-8547-4A8C-917D-83FC600FA272}.Debug|Any CPU.Build.0 = Debug|Any CPU
		{C20EC0BD-8547-4A8C-917D-83FC600FA272}.Release|Any CPU.ActiveCfg = Release|Any CPU
		{C20EC0BD-8547-4A8C-917D-83FC600FA272}.Release|Any CPU.Build.0 = Release|Any CPU
	EndGlobalSection
	GlobalSection(SolutionProperties) = preSolution
		HideSolutionNode = FALSE
	EndGlobalSection
	GlobalSection(ExtensibilityGlobals) = postSolution
		SolutionGuid = {72536019-2B12-4162-BA10-4EDF5FD9C571}
	EndGlobalSection
EndGlobal
